
Microsoft Visual Studio Solution File, Format Version 12.00
Project("{FAE04EC0-301F-11D3-BF4B-00C04F79EFBC}") = "WebApp", "WebApp\WebApp.csproj", "{B59EF1ED-D39D-470F-BC4F-DCBAB7585FBA}"
EndProject
Project("{2150E333-8FDC-42A3-9474-1A3956D46DE8}") = "Solution items", "Solution items", "{E1B09701-AEDF-4557-B0F8-3046B3786FA4}"
	ProjectSection(SolutionItems) = preProject
		Directory.Build.props = Directory.Build.props
		..\.gitignore = ..\.gitignore
		Project.sln.DotSettings = Project.sln.DotSettings
		TODO.md = TODO.md
		Dockerfile = Dockerfile
		.dockerignore = .dockerignore
		.env = .env
		..\..\README.md = ..\..\README.md
		..\..\docker-compose.yml = ..\..\docker-compose.yml
	EndProjectSection
EndProject
Project("{FAE04EC0-301F-11D3-BF4B-00C04F79EFBC}") = "App.Domain", "App.Domain\App.Domain.csproj", "{4D45541E-E2DC-48EA-B522-3879A9D20251}"
EndProject
Project("{FAE04EC0-301F-11D3-BF4B-00C04F79EFBC}") = "App.DAL.EF", "App.DAL.EF\App.DAL.EF.csproj", "{7B10056D-D819-4AAE-93B1-6AAFCBADA6B3}"
EndProject
Project("{2150E333-8FDC-42A3-9474-1A3956D46DE8}") = "APP", "APP", "{38B1C047-1B0C-4AA0-94D0-E4104AA561CB}"
EndProject
Project("{2150E333-8FDC-42A3-9474-1A3956D46DE8}") = "BASE", "BASE", "{A6438FED-ABF8-461A-B1D8-FD320CD583EF}"
EndProject
Project("{FAE04EC0-301F-11D3-BF4B-00C04F79EFBC}") = "Base.Domain", "Base.Domain\Base.Domain.csproj", "{2F3DD341-1513-4806-8EE1-7ED50F74FC34}"
EndProject
Project("{FAE04EC0-301F-11D3-BF4B-00C04F79EFBC}") = "Base.Contracts.Domain", "Base.Contracts.Domain\Base.Contracts.Domain.csproj", "{561694DE-8790-4DBA-AE21-D5B70AE11866}"
EndProject
Project("{2150E333-8FDC-42A3-9474-1A3956D46DE8}") = "Contracts", "Contracts", "{DACE0119-F191-415D-9F3A-72304E606E06}"
EndProject
Project("{FAE04EC0-301F-11D3-BF4B-00C04F79EFBC}") = "Base.Contracts.DAL", "Base.Contracts.DAL\Base.Contracts.DAL.csproj", "{DC752D16-6749-4EEF-AA1F-4069A32AF366}"
EndProject
Project("{FAE04EC0-301F-11D3-BF4B-00C04F79EFBC}") = "Base.DAL.EF", "Base.DAL.EF\Base.DAL.EF.csproj", "{EADB219A-A79D-4F55-85BB-A9F70D0A82C8}"
EndProject
Project("{2150E333-8FDC-42A3-9474-1A3956D46DE8}") = "Contracts", "Contracts", "{7DF59A20-5E57-4162-98F7-A78C5F41BF2F}"
EndProject
Project("{FAE04EC0-301F-11D3-BF4B-00C04F79EFBC}") = "App.Contracts.DAL", "App.Contracts.DAL\App.Contracts.DAL.csproj", "{4506ACA3-C5B1-4007-86F4-E8D23518CF5A}"
EndProject
Project("{FAE04EC0-301F-11D3-BF4B-00C04F79EFBC}") = "Base.Helpers", "Base.Helpers\Base.Helpers.csproj", "{A35CA861-A7F1-47AB-A0BE-E21726EA8794}"
EndProject
Project("{FAE04EC0-301F-11D3-BF4B-00C04F79EFBC}") = "FlightInfoCollector", "FlightInfoCollector\FlightInfoCollector.csproj", "{9D8C5300-0A76-4E3A-94F7-D9D99C570D01}"
EndProject
Project("{FAE04EC0-301F-11D3-BF4B-00C04F79EFBC}") = "App.Public.DTO", "App.Public.DTO\App.Public.DTO.csproj", "{3284F137-E81C-458C-9416-19700ED06FCC}"
EndProject
Project("{FAE04EC0-301F-11D3-BF4B-00C04F79EFBC}") = "App.Helpers", "App.Helpers\App.Helpers.csproj", "{B02FCA34-FAF9-49F5-869D-CED60C5F57CE}"
EndProject
Project("{FAE04EC0-301F-11D3-BF4B-00C04F79EFBC}") = "App.Private.DTO", "App.Private.DTO\App.Private.DTO.csproj", "{0A0B7896-6E38-47ED-B367-92C9BC0E8738}"
EndProject
Project("{FAE04EC0-301F-11D3-BF4B-00C04F79EFBC}") = "Base.Public.DTO", "Base.Public.DTO\Base.Public.DTO.csproj", "{A6466FFB-D7C9-4639-8FDE-712A09E69F12}"
EndProject
Project("{FAE04EC0-301F-11D3-BF4B-00C04F79EFBC}") = "App.Mappers", "App.Mappers\App.Mappers.csproj", "{30687CAC-2B86-42B2-BDD6-5E2F2BE90051}"
EndProject
Project("{FAE04EC0-301F-11D3-BF4B-00C04F79EFBC}") = "App.BLL", "App.BLL\App.BLL.csproj", "{CFF415EF-4C4B-4C31-B811-8EFF28746FA9}"
EndProject
Project("{FAE04EC0-301F-11D3-BF4B-00C04F79EFBC}") = "Base.BLL", "Base.BLL\Base.BLL.csproj", "{F33381ED-D6B6-48DB-9924-7DE055B7408C}"
EndProject
Project("{FAE04EC0-301F-11D3-BF4B-00C04F79EFBC}") = "Base.Contracts.BLL", "Base.Contracts.BLL\Base.Contracts.BLL.csproj", "{A872839A-C52E-4B08-90F7-264E8B27C6A4}"
EndProject
Project("{FAE04EC0-301F-11D3-BF4B-00C04F79EFBC}") = "App.Contracts.BLL", "App.Contracts.BLL\App.Contracts.BLL.csproj", "{C5450164-CD24-48DC-821F-46B1C9108E3B}"
EndProject
Project("{FAE04EC0-301F-11D3-BF4B-00C04F79EFBC}") = "Base.Contracts", "Base.Contracts\Base.Contracts.csproj", "{84F52A08-C84F-418F-B3CA-CB1D1A5D93CA}"
EndProject
Project("{FAE04EC0-301F-11D3-BF4B-00C04F79EFBC}") = "Base.DAL", "Base.DAL\Base.DAL.csproj", "{E519AFCD-A56C-4133-B828-C0C021B07396}"
EndProject
Project("{FAE04EC0-301F-11D3-BF4B-00C04F79EFBC}") = "Tests", "Tests\Tests.csproj", "{E97893A7-F86E-4300-8089-72B1FC2669EC}"
EndProject
Global
	GlobalSection(SolutionConfigurationPlatforms) = preSolution
		Debug|Any CPU = Debug|Any CPU
		Release|Any CPU = Release|Any CPU
	EndGlobalSection
	GlobalSection(ProjectConfigurationPlatforms) = postSolution
		{B59EF1ED-D39D-470F-BC4F-DCBAB7585FBA}.Debug|Any CPU.ActiveCfg = Debug|Any CPU
		{B59EF1ED-D39D-470F-BC4F-DCBAB7585FBA}.Debug|Any CPU.Build.0 = Debug|Any CPU
		{B59EF1ED-D39D-470F-BC4F-DCBAB7585FBA}.Release|Any CPU.ActiveCfg = Release|Any CPU
		{B59EF1ED-D39D-470F-BC4F-DCBAB7585FBA}.Release|Any CPU.Build.0 = Release|Any CPU
		{4D45541E-E2DC-48EA-B522-3879A9D20251}.Debug|Any CPU.ActiveCfg = Debug|Any CPU
		{4D45541E-E2DC-48EA-B522-3879A9D20251}.Debug|Any CPU.Build.0 = Debug|Any CPU
		{4D45541E-E2DC-48EA-B522-3879A9D20251}.Release|Any CPU.ActiveCfg = Release|Any CPU
		{4D45541E-E2DC-48EA-B522-3879A9D20251}.Release|Any CPU.Build.0 = Release|Any CPU
		{7B10056D-D819-4AAE-93B1-6AAFCBADA6B3}.Debug|Any CPU.ActiveCfg = Debug|Any CPU
		{7B10056D-D819-4AAE-93B1-6AAFCBADA6B3}.Debug|Any CPU.Build.0 = Debug|Any CPU
		{7B10056D-D819-4AAE-93B1-6AAFCBADA6B3}.Release|Any CPU.ActiveCfg = Release|Any CPU
		{7B10056D-D819-4AAE-93B1-6AAFCBADA6B3}.Release|Any CPU.Build.0 = Release|Any CPU
		{2F3DD341-1513-4806-8EE1-7ED50F74FC34}.Debug|Any CPU.ActiveCfg = Debug|Any CPU
		{2F3DD341-1513-4806-8EE1-7ED50F74FC34}.Debug|Any CPU.Build.0 = Debug|Any CPU
		{2F3DD341-1513-4806-8EE1-7ED50F74FC34}.Release|Any CPU.ActiveCfg = Release|Any CPU
		{2F3DD341-1513-4806-8EE1-7ED50F74FC34}.Release|Any CPU.Build.0 = Release|Any CPU
		{561694DE-8790-4DBA-AE21-D5B70AE11866}.Debug|Any CPU.ActiveCfg = Debug|Any CPU
		{561694DE-8790-4DBA-AE21-D5B70AE11866}.Debug|Any CPU.Build.0 = Debug|Any CPU
		{561694DE-8790-4DBA-AE21-D5B70AE11866}.Release|Any CPU.ActiveCfg = Release|Any CPU
		{561694DE-8790-4DBA-AE21-D5B70AE11866}.Release|Any CPU.Build.0 = Release|Any CPU
		{DC752D16-6749-4EEF-AA1F-4069A32AF366}.Debug|Any CPU.ActiveCfg = Debug|Any CPU
		{DC752D16-6749-4EEF-AA1F-4069A32AF366}.Debug|Any CPU.Build.0 = Debug|Any CPU
		{DC752D16-6749-4EEF-AA1F-4069A32AF366}.Release|Any CPU.ActiveCfg = Release|Any CPU
		{DC752D16-6749-4EEF-AA1F-4069A32AF366}.Release|Any CPU.Build.0 = Release|Any CPU
		{EADB219A-A79D-4F55-85BB-A9F70D0A82C8}.Debug|Any CPU.ActiveCfg = Debug|Any CPU
		{EADB219A-A79D-4F55-85BB-A9F70D0A82C8}.Debug|Any CPU.Build.0 = Debug|Any CPU
		{EADB219A-A79D-4F55-85BB-A9F70D0A82C8}.Release|Any CPU.ActiveCfg = Release|Any CPU
		{EADB219A-A79D-4F55-85BB-A9F70D0A82C8}.Release|Any CPU.Build.0 = Release|Any CPU
		{4506ACA3-C5B1-4007-86F4-E8D23518CF5A}.Debug|Any CPU.ActiveCfg = Debug|Any CPU
		{4506ACA3-C5B1-4007-86F4-E8D23518CF5A}.Debug|Any CPU.Build.0 = Debug|Any CPU
		{4506ACA3-C5B1-4007-86F4-E8D23518CF5A}.Release|Any CPU.ActiveCfg = Release|Any CPU
		{4506ACA3-C5B1-4007-86F4-E8D23518CF5A}.Release|Any CPU.Build.0 = Release|Any CPU
		{A35CA861-A7F1-47AB-A0BE-E21726EA8794}.Debug|Any CPU.ActiveCfg = Debug|Any CPU
		{A35CA861-A7F1-47AB-A0BE-E21726EA8794}.Debug|Any CPU.Build.0 = Debug|Any CPU
		{A35CA861-A7F1-47AB-A0BE-E21726EA8794}.Release|Any CPU.ActiveCfg = Release|Any CPU
		{A35CA861-A7F1-47AB-A0BE-E21726EA8794}.Release|Any CPU.Build.0 = Release|Any CPU
		{9D8C5300-0A76-4E3A-94F7-D9D99C570D01}.Debug|Any CPU.ActiveCfg = Debug|Any CPU
		{9D8C5300-0A76-4E3A-94F7-D9D99C570D01}.Debug|Any CPU.Build.0 = Debug|Any CPU
		{9D8C5300-0A76-4E3A-94F7-D9D99C570D01}.Release|Any CPU.ActiveCfg = Release|Any CPU
		{9D8C5300-0A76-4E3A-94F7-D9D99C570D01}.Release|Any CPU.Build.0 = Release|Any CPU
		{3284F137-E81C-458C-9416-19700ED06FCC}.Debug|Any CPU.ActiveCfg = Debug|Any CPU
		{3284F137-E81C-458C-9416-19700ED06FCC}.Debug|Any CPU.Build.0 = Debug|Any CPU
		{3284F137-E81C-458C-9416-19700ED06FCC}.Release|Any CPU.ActiveCfg = Release|Any CPU
		{3284F137-E81C-458C-9416-19700ED06FCC}.Release|Any CPU.Build.0 = Release|Any CPU
		{B02FCA34-FAF9-49F5-869D-CED60C5F57CE}.Debug|Any CPU.ActiveCfg = Debug|Any CPU
		{B02FCA34-FAF9-49F5-869D-CED60C5F57CE}.Debug|Any CPU.Build.0 = Debug|Any CPU
		{B02FCA34-FAF9-49F5-869D-CED60C5F57CE}.Release|Any CPU.ActiveCfg = Release|Any CPU
		{B02FCA34-FAF9-49F5-869D-CED60C5F57CE}.Release|Any CPU.Build.0 = Release|Any CPU
		{0A0B7896-6E38-47ED-B367-92C9BC0E8738}.Debug|Any CPU.ActiveCfg = Debug|Any CPU
		{0A0B7896-6E38-47ED-B367-92C9BC0E8738}.Debug|Any CPU.Build.0 = Debug|Any CPU
		{0A0B7896-6E38-47ED-B367-92C9BC0E8738}.Release|Any CPU.ActiveCfg = Release|Any CPU
		{0A0B7896-6E38-47ED-B367-92C9BC0E8738}.Release|Any CPU.Build.0 = Release|Any CPU
		{A6466FFB-D7C9-4639-8FDE-712A09E69F12}.Debug|Any CPU.ActiveCfg = Debug|Any CPU
		{A6466FFB-D7C9-4639-8FDE-712A09E69F12}.Debug|Any CPU.Build.0 = Debug|Any CPU
		{A6466FFB-D7C9-4639-8FDE-712A09E69F12}.Release|Any CPU.ActiveCfg = Release|Any CPU
		{A6466FFB-D7C9-4639-8FDE-712A09E69F12}.Release|Any CPU.Build.0 = Release|Any CPU
		{30687CAC-2B86-42B2-BDD6-5E2F2BE90051}.Debug|Any CPU.ActiveCfg = Debug|Any CPU
		{30687CAC-2B86-42B2-BDD6-5E2F2BE90051}.Debug|Any CPU.Build.0 = Debug|Any CPU
		{30687CAC-2B86-42B2-BDD6-5E2F2BE90051}.Release|Any CPU.ActiveCfg = Release|Any CPU
		{30687CAC-2B86-42B2-BDD6-5E2F2BE90051}.Release|Any CPU.Build.0 = Release|Any CPU
		{CFF415EF-4C4B-4C31-B811-8EFF28746FA9}.Debug|Any CPU.ActiveCfg = Debug|Any CPU
		{CFF415EF-4C4B-4C31-B811-8EFF28746FA9}.Debug|Any CPU.Build.0 = Debug|Any CPU
		{CFF415EF-4C4B-4C31-B811-8EFF28746FA9}.Release|Any CPU.ActiveCfg = Release|Any CPU
		{CFF415EF-4C4B-4C31-B811-8EFF28746FA9}.Release|Any CPU.Build.0 = Release|Any CPU
		{F33381ED-D6B6-48DB-9924-7DE055B7408C}.Debug|Any CPU.ActiveCfg = Debug|Any CPU
		{F33381ED-D6B6-48DB-9924-7DE055B7408C}.Debug|Any CPU.Build.0 = Debug|Any CPU
		{F33381ED-D6B6-48DB-9924-7DE055B7408C}.Release|Any CPU.ActiveCfg = Release|Any CPU
		{F33381ED-D6B6-48DB-9924-7DE055B7408C}.Release|Any CPU.Build.0 = Release|Any CPU
		{A872839A-C52E-4B08-90F7-264E8B27C6A4}.Debug|Any CPU.ActiveCfg = Debug|Any CPU
		{A872839A-C52E-4B08-90F7-264E8B27C6A4}.Debug|Any CPU.Build.0 = Debug|Any CPU
		{A872839A-C52E-4B08-90F7-264E8B27C6A4}.Release|Any CPU.ActiveCfg = Release|Any CPU
		{A872839A-C52E-4B08-90F7-264E8B27C6A4}.Release|Any CPU.Build.0 = Release|Any CPU
		{C5450164-CD24-48DC-821F-46B1C9108E3B}.Debug|Any CPU.ActiveCfg = Debug|Any CPU
		{C5450164-CD24-48DC-821F-46B1C9108E3B}.Debug|Any CPU.Build.0 = Debug|Any CPU
		{C5450164-CD24-48DC-821F-46B1C9108E3B}.Release|Any CPU.ActiveCfg = Release|Any CPU
		{C5450164-CD24-48DC-821F-46B1C9108E3B}.Release|Any CPU.Build.0 = Release|Any CPU
		{84F52A08-C84F-418F-B3CA-CB1D1A5D93CA}.Debug|Any CPU.ActiveCfg = Debug|Any CPU
		{84F52A08-C84F-418F-B3CA-CB1D1A5D93CA}.Debug|Any CPU.Build.0 = Debug|Any CPU
		{84F52A08-C84F-418F-B3CA-CB1D1A5D93CA}.Release|Any CPU.ActiveCfg = Release|Any CPU
		{84F52A08-C84F-418F-B3CA-CB1D1A5D93CA}.Release|Any CPU.Build.0 = Release|Any CPU
		{E519AFCD-A56C-4133-B828-C0C021B07396}.Debug|Any CPU.ActiveCfg = Debug|Any CPU
		{E519AFCD-A56C-4133-B828-C0C021B07396}.Debug|Any CPU.Build.0 = Debug|Any CPU
		{E519AFCD-A56C-4133-B828-C0C021B07396}.Release|Any CPU.ActiveCfg = Release|Any CPU
		{E519AFCD-A56C-4133-B828-C0C021B07396}.Release|Any CPU.Build.0 = Release|Any CPU
		{E97893A7-F86E-4300-8089-72B1FC2669EC}.Debug|Any CPU.ActiveCfg = Debug|Any CPU
		{E97893A7-F86E-4300-8089-72B1FC2669EC}.Debug|Any CPU.Build.0 = Debug|Any CPU
		{E97893A7-F86E-4300-8089-72B1FC2669EC}.Release|Any CPU.ActiveCfg = Release|Any CPU
		{E97893A7-F86E-4300-8089-72B1FC2669EC}.Release|Any CPU.Build.0 = Release|Any CPU
	EndGlobalSection
	GlobalSection(NestedProjects) = preSolution
		{4D45541E-E2DC-48EA-B522-3879A9D20251} = {38B1C047-1B0C-4AA0-94D0-E4104AA561CB}
		{7B10056D-D819-4AAE-93B1-6AAFCBADA6B3} = {38B1C047-1B0C-4AA0-94D0-E4104AA561CB}
		{2F3DD341-1513-4806-8EE1-7ED50F74FC34} = {A6438FED-ABF8-461A-B1D8-FD320CD583EF}
		{B59EF1ED-D39D-470F-BC4F-DCBAB7585FBA} = {38B1C047-1B0C-4AA0-94D0-E4104AA561CB}
		{DACE0119-F191-415D-9F3A-72304E606E06} = {A6438FED-ABF8-461A-B1D8-FD320CD583EF}
		{561694DE-8790-4DBA-AE21-D5B70AE11866} = {DACE0119-F191-415D-9F3A-72304E606E06}
		{DC752D16-6749-4EEF-AA1F-4069A32AF366} = {DACE0119-F191-415D-9F3A-72304E606E06}
		{EADB219A-A79D-4F55-85BB-A9F70D0A82C8} = {A6438FED-ABF8-461A-B1D8-FD320CD583EF}
		{7DF59A20-5E57-4162-98F7-A78C5F41BF2F} = {38B1C047-1B0C-4AA0-94D0-E4104AA561CB}
		{4506ACA3-C5B1-4007-86F4-E8D23518CF5A} = {7DF59A20-5E57-4162-98F7-A78C5F41BF2F}
		{A35CA861-A7F1-47AB-A0BE-E21726EA8794} = {A6438FED-ABF8-461A-B1D8-FD320CD583EF}
		{9D8C5300-0A76-4E3A-94F7-D9D99C570D01} = {38B1C047-1B0C-4AA0-94D0-E4104AA561CB}
		{3284F137-E81C-458C-9416-19700ED06FCC} = {38B1C047-1B0C-4AA0-94D0-E4104AA561CB}
		{B02FCA34-FAF9-49F5-869D-CED60C5F57CE} = {38B1C047-1B0C-4AA0-94D0-E4104AA561CB}
		{0A0B7896-6E38-47ED-B367-92C9BC0E8738} = {38B1C047-1B0C-4AA0-94D0-E4104AA561CB}
		{A6466FFB-D7C9-4639-8FDE-712A09E69F12} = {A6438FED-ABF8-461A-B1D8-FD320CD583EF}
		{30687CAC-2B86-42B2-BDD6-5E2F2BE90051} = {38B1C047-1B0C-4AA0-94D0-E4104AA561CB}
		{CFF415EF-4C4B-4C31-B811-8EFF28746FA9} = {38B1C047-1B0C-4AA0-94D0-E4104AA561CB}
		{F33381ED-D6B6-48DB-9924-7DE055B7408C} = {A6438FED-ABF8-461A-B1D8-FD320CD583EF}
		{A872839A-C52E-4B08-90F7-264E8B27C6A4} = {DACE0119-F191-415D-9F3A-72304E606E06}
		{C5450164-CD24-48DC-821F-46B1C9108E3B} = {7DF59A20-5E57-4162-98F7-A78C5F41BF2F}
		{84F52A08-C84F-418F-B3CA-CB1D1A5D93CA} = {DACE0119-F191-415D-9F3A-72304E606E06}
		{E519AFCD-A56C-4133-B828-C0C021B07396} = {A6438FED-ABF8-461A-B1D8-FD320CD583EF}
		{E97893A7-F86E-4300-8089-72B1FC2669EC} = {38B1C047-1B0C-4AA0-94D0-E4104AA561CB}
	EndGlobalSection
EndGlobal
